// !$*UTF8*$!
{
	archiveVersion = 1;
	classes = {
	};
	objectVersion = 56;
	objects = {

/* Begin PBXBuildFile section */
		5E4BB24B2BDF97BB00DB492B /* GoogleService-Info.plist in Resources */ = {isa = PBXBuildFile; fileRef = 5E4BB24A2BDF97BB00DB492B /* GoogleService-Info.plist */; };
		5E6795852BDCE56F00D04F34 /* MessageManager.swift in Sources */ = {isa = PBXBuildFile; fileRef = 5E6795842BDCE56F00D04F34 /* MessageManager.swift */; };
		5E6795872BDCF9AE00D04F34 /* FirebaseFirestore in Frameworks */ = {isa = PBXBuildFile; productRef = 5E6795862BDCF9AE00D04F34 /* FirebaseFirestore */; };
		5E6795892BDCF9AE00D04F34 /* FirebaseFirestoreSwift in Frameworks */ = {isa = PBXBuildFile; productRef = 5E6795882BDCF9AE00D04F34 /* FirebaseFirestoreSwift */; };
		5E81241B2BDC38950022B856 /* ChatAppApp.swift in Sources */ = {isa = PBXBuildFile; fileRef = 5E81241A2BDC38950022B856 /* ChatAppApp.swift */; };
		5E81241D2BDC38950022B856 /* ContentView.swift in Sources */ = {isa = PBXBuildFile; fileRef = 5E81241C2BDC38950022B856 /* ContentView.swift */; };
		5E81241F2BDC38960022B856 /* Assets.xcassets in Resources */ = {isa = PBXBuildFile; fileRef = 5E81241E2BDC38960022B856 /* Assets.xcassets */; };
		5E8124222BDC38960022B856 /* Preview Assets.xcassets in Resources */ = {isa = PBXBuildFile; fileRef = 5E8124212BDC38960022B856 /* Preview Assets.xcassets */; };
		5E81242E2BDC3B0E0022B856 /* TitleRow.swift in Sources */ = {isa = PBXBuildFile; fileRef = 5E81242D2BDC3B0E0022B856 /* TitleRow.swift */; };
		5E8124332BDC3F2D0022B856 /* Meesage.swift in Sources */ = {isa = PBXBuildFile; fileRef = 5E8124322BDC3F2D0022B856 /* Meesage.swift */; };
		5E8124392BDC40240022B856 /* MessageBubble.swift in Sources */ = {isa = PBXBuildFile; fileRef = 5E8124382BDC40240022B856 /* MessageBubble.swift */; };
		5E81243B2BDCC5950022B856 /* Extensions.swift in Sources */ = {isa = PBXBuildFile; fileRef = 5E81243A2BDCC5950022B856 /* Extensions.swift */; };
		5E81243D2BDCCEDD0022B856 /* MessageField.swift in Sources */ = {isa = PBXBuildFile; fileRef = 5E81243C2BDCCEDD0022B856 /* MessageField.swift */; };
/* End PBXBuildFile section */

/* Begin PBXFileReference section */
		5E4BB24A2BDF97BB00DB492B /* GoogleService-Info.plist */ = {isa = PBXFileReference; lastKnownFileType = text.plist.xml; path = "GoogleService-Info.plist"; sourceTree = "<group>"; };
		5E6795842BDCE56F00D04F34 /* MessageManager.swift */ = {isa = PBXFileReference; lastKnownFileType = sourcecode.swift; path = MessageManager.swift; sourceTree = "<group>"; };
		5E8124172BDC38950022B856 /* ChatApp.app */ = {isa = PBXFileReference; explicitFileType = wrapper.application; includeInIndex = 0; path = ChatApp.app; sourceTree = BUILT_PRODUCTS_DIR; };
		5E81241A2BDC38950022B856 /* ChatAppApp.swift */ = {isa = PBXFileReference; lastKnownFileType = sourcecode.swift; path = ChatAppApp.swift; sourceTree = "<group>"; };
		5E81241C2BDC38950022B856 /* ContentView.swift */ = {isa = PBXFileReference; lastKnownFileType = sourcecode.swift; path = ContentView.swift; sourceTree = "<group>"; };
		5E81241E2BDC38960022B856 /* Assets.xcassets */ = {isa = PBXFileReference; lastKnownFileType = folder.assetcatalog; path = Assets.xcassets; sourceTree = "<group>"; };
		5E8124212BDC38960022B856 /* Preview Assets.xcassets */ = {isa = PBXFileReference; lastKnownFileType = folder.assetcatalog; path = "Preview Assets.xcassets"; sourceTree = "<group>"; };
		5E81242D2BDC3B0E0022B856 /* TitleRow.swift */ = {isa = PBXFileReference; lastKnownFileType = sourcecode.swift; path = TitleRow.swift; sourceTree = "<group>"; };
		5E8124322BDC3F2D0022B856 /* Meesage.swift */ = {isa = PBXFileReference; lastKnownFileType = sourcecode.swift; path = Meesage.swift; sourceTree = "<group>"; };
		5E8124382BDC40240022B856 /* MessageBubble.swift */ = {isa = PBXFileReference; lastKnownFileType = sourcecode.swift; path = MessageBubble.swift; sourceTree = "<group>"; };
		5E81243A2BDCC5950022B856 /* Extensions.swift */ = {isa = PBXFileReference; lastKnownFileType = sourcecode.swift; path = Extensions.swift; sourceTree = "<group>"; };
		5E81243C2BDCCEDD0022B856 /* MessageField.swift */ = {isa = PBXFileReference; lastKnownFileType = sourcecode.swift; path = MessageField.swift; sourceTree = "<group>"; };
/* End PBXFileReference section */

/* Begin PBXFrameworksBuildPhase section */
		5E8124142BDC38950022B856 /* Frameworks */ = {
			isa = PBXFrameworksBuildPhase;
			buildActionMask = 2147483647;
			files = (
				5E6795872BDCF9AE00D04F34 /* FirebaseFirestore in Frameworks */,
				5E6795892BDCF9AE00D04F34 /* FirebaseFirestoreSwift in Frameworks */,
			);
			runOnlyForDeploymentPostprocessing = 0;
		};
/* End PBXFrameworksBuildPhase section */

/* Begin PBXGroup section */
		5E81240E2BDC38950022B856 = {
			isa = PBXGroup;
			children = (
				5E8124192BDC38950022B856 /* ChatApp */,
				5E8124182BDC38950022B856 /* Products */,
			);
			sourceTree = "<group>";
		};
		5E8124182BDC38950022B856 /* Products */ = {
			isa = PBXGroup;
			children = (
				5E8124172BDC38950022B856 /* ChatApp.app */,
			);
			name = Products;
			sourceTree = "<group>";
		};
		5E8124192BDC38950022B856 /* ChatApp */ = {
			isa = PBXGroup;
			children = (
				5E81241A2BDC38950022B856 /* ChatAppApp.swift */,
				5E81241C2BDC38950022B856 /* ContentView.swift */,
				5E4BB24A2BDF97BB00DB492B /* GoogleService-Info.plist */,
				5E81242F2BDC3EAA0022B856 /* Models */,
				5E8124282BDC39F60022B856 /* Components */,
				5E81241E2BDC38960022B856 /* Assets.xcassets */,
				5E8124202BDC38960022B856 /* Preview Content */,
				5E6795842BDCE56F00D04F34 /* MessageManager.swift */,
			);
			path = ChatApp;
			sourceTree = "<group>";
		};
		5E8124202BDC38960022B856 /* Preview Content */ = {
			isa = PBXGroup;
			children = (
				5E81243A2BDCC5950022B856 /* Extensions.swift */,
				5E8124212BDC38960022B856 /* Preview Assets.xcassets */,
			);
			path = "Preview Content";
			sourceTree = "<group>";
		};
		5E8124282BDC39F60022B856 /* Components */ = {
			isa = PBXGroup;
			children = (
				5E81242D2BDC3B0E0022B856 /* TitleRow.swift */,
				5E8124382BDC40240022B856 /* MessageBubble.swift */,
				5E81243C2BDCCEDD0022B856 /* MessageField.swift */,
			);
			path = Components;
			sourceTree = "<group>";
		};
		5E81242F2BDC3EAA0022B856 /* Models */ = {
			isa = PBXGroup;
			children = (
				5E8124322BDC3F2D0022B856 /* Meesage.swift */,
			);
			path = Models;
			sourceTree = "<group>";
		};
/* End PBXGroup section */

/* Begin PBXNativeTarget section */
		5E8124162BDC38950022B856 /* ChatApp */ = {
			isa = PBXNativeTarget;
			buildConfigurationList = 5E8124252BDC38960022B856 /* Build configuration list for PBXNativeTarget "ChatApp" */;
			buildPhases = (
				5E8124132BDC38950022B856 /* Sources */,
				5E8124142BDC38950022B856 /* Frameworks */,
				5E8124152BDC38950022B856 /* Resources */,
			);
			buildRules = (
			);
			dependencies = (
			);
			name = ChatApp;
			packageProductDependencies = (
				5E6795862BDCF9AE00D04F34 /* FirebaseFirestore */,
				5E6795882BDCF9AE00D04F34 /* FirebaseFirestoreSwift */,
			);
			productName = ChatApp;
			productReference = 5E8124172BDC38950022B856 /* ChatApp.app */;
			productType = "com.apple.product-type.application";
		};
/* End PBXNativeTarget section */

/* Begin PBXProject section */
		5E81240F2BDC38950022B856 /* Project object */ = {
			isa = PBXProject;
			attributes = {
				BuildIndependentTargetsInParallel = 1;
				LastSwiftUpdateCheck = 1530;
				LastUpgradeCheck = 1530;
				TargetAttributes = {
					5E8124162BDC38950022B856 = {
						CreatedOnToolsVersion = 15.3;
					};
				};
			};
			buildConfigurationList = 5E8124122BDC38950022B856 /* Build configuration list for PBXProject "ChatApp" */;
			compatibilityVersion = "Xcode 14.0";
			developmentRegion = en;
			hasScannedForEncodings = 0;
			knownRegions = (
				en,
				Base,
			);
			mainGroup = 5E81240E2BDC38950022B856;
			packageReferences = (
				5E6795832BDCD91500D04F34 /* XCRemoteSwiftPackageReference "firebase-ios-sdk" */,
			);
			productRefGroup = 5E8124182BDC38950022B856 /* Products */;
			projectDirPath = "";
			projectRoot = "";
			targets = (
				5E8124162BDC38950022B856 /* ChatApp */,
			);
		};
/* End PBXProject section */

/* Begin PBXResourcesBuildPhase section */
		5E8124152BDC38950022B856 /* Resources */ = {
			isa = PBXResourcesBuildPhase;
			buildActionMask = 2147483647;
			files = (
				5E8124222BDC38960022B856 /* Preview Assets.xcassets in Resources */,
				5E81241F2BDC38960022B856 /* Assets.xcassets in Resources */,
				5E4BB24B2BDF97BB00DB492B /* GoogleService-Info.plist in Resources */,
			);
			runOnlyForDeploymentPostprocessing = 0;
		};
/* End PBXResourcesBuildPhase section */

/* Begin PBXSourcesBuildPhase section */
		5E8124132BDC38950022B856 /* Sources */ = {
			isa = PBXSourcesBuildPhase;
			buildActionMask = 2147483647;
			files = (
				5E81241D2BDC38950022B856 /* ContentView.swift in Sources */,
				5E81243B2BDCC5950022B856 /* Extensions.swift in Sources */,
				5E81241B2BDC38950022B856 /* ChatAppApp.swift in Sources */,
				5E81243D2BDCCEDD0022B856 /* MessageField.swift in Sources */,
				5E8124392BDC40240022B856 /* MessageBubble.swift in Sources */,
				5E81242E2BDC3B0E0022B856 /* TitleRow.swift in Sources */,
				5E8124332BDC3F2D0022B856 /* Meesage.swift in Sources */,
				5E6795852BDCE56F00D04F34 /* MessageManager.swift in Sources */,
			);
			runOnlyForDeploymentPostprocessing = 0;
		};
/* End PBXSourcesBuildPhase section */

/* Begin XCBuildConfiguration section */
		5E8124232BDC38960022B856 /* Debug */ = {
			isa = XCBuildConfiguration;
			buildSettings = {
				ALWAYS_SEARCH_USER_PATHS = NO;
				ASSETCATALOG_COMPILER_GENERATE_SWIFT_ASSET_SYMBOL_EXTENSIONS = YES;
				CLANG_ANALYZER_NONNULL = YES;
				CLANG_ANALYZER_NUMBER_OBJECT_CONVERSION = YES_AGGRESSIVE;
				CLANG_CXX_LANGUAGE_STANDARD = "gnu++20";
				CLANG_ENABLE_MODULES = YES;
				CLANG_ENABLE_OBJC_ARC = YES;
				CLANG_ENABLE_OBJC_WEAK = YES;
				CLANG_WARN_BLOCK_CAPTURE_AUTORELEASING = YES;
				CLANG_WARN_BOOL_CONVERSION = YES;
				CLANG_WARN_COMMA = YES;
				CLANG_WARN_CONSTANT_CONVERSION = YES;
				CLANG_WARN_DEPRECATED_OBJC_IMPLEMENTATIONS = YES;
				CLANG_WARN_DIRECT_OBJC_ISA_USAGE = YES_ERROR;
				CLANG_WARN_DOCUMENTATION_COMMENTS = YES;
				CLANG_WARN_EMPTY_BODY = YES;
				CLANG_WARN_ENUM_CONVERSION = YES;
				CLANG_WARN_INFINITE_RECURSION = YES;
				CLANG_WARN_INT_CONVERSION = YES;
				CLANG_WARN_NON_LITERAL_NULL_CONVERSION = YES;
				CLANG_WARN_OBJC_IMPLICIT_RETAIN_SELF = YES;
				CLANG_WARN_OBJC_LITERAL_CONVERSION = YES;
				CLANG_WARN_OBJC_ROOT_CLASS = YES_ERROR;
				CLANG_WARN_QUOTED_INCLUDE_IN_FRAMEWORK_HEADER = YES;
				CLANG_WARN_RANGE_LOOP_ANALYSIS = YES;
				CLANG_WARN_STRICT_PROTOTYPES = YES;
				CLANG_WARN_SUSPICIOUS_MOVE = YES;
				CLANG_WARN_UNGUARDED_AVAILABILITY = YES_AGGRESSIVE;
				CLANG_WARN_UNREACHABLE_CODE = YES;
				CLANG_WARN__DUPLICATE_METHOD_MATCH = YES;
				COPY_PHASE_STRIP = NO;
				DEBUG_INFORMATION_FORMAT = dwarf;
				ENABLE_STRICT_OBJC_MSGSEND = YES;
				ENABLE_TESTABILITY = YES;
				ENABLE_USER_SCRIPT_SANDBOXING = YES;
				GCC_C_LANGUAGE_STANDARD = gnu17;
				GCC_DYNAMIC_NO_PIC = NO;
				GCC_NO_COMMON_BLOCKS = YES;
				GCC_OPTIMIZATION_LEVEL = 0;
				GCC_PREPROCESSOR_DEFINITIONS = (
					"DEBUG=1",
					"$(inherited)",
				);
				GCC_WARN_64_TO_32_BIT_CONVERSION = YES;
				GCC_WARN_ABOUT_RETURN_TYPE = YES_ERROR;
				GCC_WARN_UNDECLARED_SELECTOR = YES;
				GCC_WARN_UNINITIALIZED_AUTOS = YES_AGGRESSIVE;
				GCC_WARN_UNUSED_FUNCTION = YES;
				GCC_WARN_UNUSED_VARIABLE = YES;
				IPHONEOS_DEPLOYMENT_TARGET = 17.4;
				LOCALIZATION_PREFERS_STRING_CATALOGS = YES;
				MTL_ENABLE_DEBUG_INFO = INCLUDE_SOURCE;
				MTL_FAST_MATH = YES;
				ONLY_ACTIVE_ARCH = YES;
				SDKROOT = iphoneos;
				SWIFT_ACTIVE_COMPILATION_CONDITIONS = "DEBUG $(inherited)";
				SWIFT_OPTIMIZATION_LEVEL = "-Onone";
			};
			name = Debug;
		};
		5E8124242BDC38960022B856 /* Release */ = {
			isa = XCBuildConfiguration;
			buildSettings = {
				ALWAYS_SEARCH_USER_PATHS = NO;
				ASSETCATALOG_COMPILER_GENERATE_SWIFT_ASSET_SYMBOL_EXTENSIONS = YES;
				CLANG_ANALYZER_NONNULL = YES;
				CLANG_ANALYZER_NUMBER_OBJECT_CONVERSION = YES_AGGRESSIVE;
				CLANG_CXX_LANGUAGE_STANDARD = "gnu++20";
				CLANG_ENABLE_MODULES = YES;
				CLANG_ENABLE_OBJC_ARC = YES;
				CLANG_ENABLE_OBJC_WEAK = YES;
				CLANG_WARN_BLOCK_CAPTURE_AUTORELEASING = YES;
				CLANG_WARN_BOOL_CONVERSION = YES;
				CLANG_WARN_COMMA = YES;
				CLANG_WARN_CONSTANT_CONVERSION = YES;
				CLANG_WARN_DEPRECATED_OBJC_IMPLEMENTATIONS = YES;
				CLANG_WARN_DIRECT_OBJC_ISA_USAGE = YES_ERROR;
				CLANG_WARN_DOCUMENTATION_COMMENTS = YES;
				CLANG_WARN_EMPTY_BODY = YES;
				CLANG_WARN_ENUM_CONVERSION = YES;
				CLANG_WARN_INFINITE_RECURSION = YES;
				CLANG_WARN_INT_CONVERSION = YES;
				CLANG_WARN_NON_LITERAL_NULL_CONVERSION = YES;
				CLANG_WARN_OBJC_IMPLICIT_RETAIN_SELF = YES;
				CLANG_WARN_OBJC_LITERAL_CONVERSION = YES;
				CLANG_WARN_OBJC_ROOT_CLASS = YES_ERROR;
				CLANG_WARN_QUOTED_INCLUDE_IN_FRAMEWORK_HEADER = YES;
				CLANG_WARN_RANGE_LOOP_ANALYSIS = YES;
				CLANG_WARN_STRICT_PROTOTYPES = YES;
				CLANG_WARN_SUSPICIOUS_MOVE = YES;
				CLANG_WARN_UNGUARDED_AVAILABILITY = YES_AGGRESSIVE;
				CLANG_WARN_UNREACHABLE_CODE = YES;
				CLANG_WARN__DUPLICATE_METHOD_MATCH = YES;
				COPY_PHASE_STRIP = NO;
				DEBUG_INFORMATION_FORMAT = "dwarf-with-dsym";
				ENABLE_NS_ASSERTIONS = NO;
				ENABLE_STRICT_OBJC_MSGSEND = YES;
				ENABLE_USER_SCRIPT_SANDBOXING = YES;
				GCC_C_LANGUAGE_STANDARD = gnu17;
				GCC_NO_COMMON_BLOCKS = YES;
				GCC_WARN_64_TO_32_BIT_CONVERSION = YES;
				GCC_WARN_ABOUT_RETURN_TYPE = YES_ERROR;
				GCC_WARN_UNDECLARED_SELECTOR = YES;
				GCC_WARN_UNINITIALIZED_AUTOS = YES_AGGRESSIVE;
				GCC_WARN_UNUSED_FUNCTION = YES;
				GCC_WARN_UNUSED_VARIABLE = YES;
				IPHONEOS_DEPLOYMENT_TARGET = 17.4;
				LOCALIZATION_PREFERS_STRING_CATALOGS = YES;
				MTL_ENABLE_DEBUG_INFO = NO;
				MTL_FAST_MATH = YES;
				SDKROOT = iphoneos;
				SWIFT_COMPILATION_MODE = wholemodule;
				VALIDATE_PRODUCT = YES;
			};
			name = Release;
		};
		5E8124262BDC38960022B856 /* Debug */ = {
			isa = XCBuildConfiguration;
			buildSettings = {
				ASSETCATALOG_COMPILER_APPICON_NAME = AppIcon;
				ASSETCATALOG_COMPILER_GLOBAL_ACCENT_COLOR_NAME = AccentColor;
				CODE_SIGN_STYLE = Automatic;
				CURRENT_PROJECT_VERSION = 1;
				DEVELOPMENT_ASSET_PATHS = "\"ChatApp/Preview Content\"";
				ENABLE_PREVIEWS = YES;
				GENERATE_INFOPLIST_FILE = YES;
				INFOPLIST_KEY_UIApplicationSceneManifest_Generation = YES;
				INFOPLIST_KEY_UIApplicationSupportsIndirectInputEvents = YES;
				INFOPLIST_KEY_UILaunchScreen_Generation = YES;
				INFOPLIST_KEY_UISupportedInterfaceOrientations_iPad = "UIInterfaceOrientationPortrait UIInterfaceOrientationPortraitUpsideDown UIInterfaceOrientationLandscapeLeft UIInterfaceOrientationLandscapeRight";
				INFOPLIST_KEY_UISupportedInterfaceOrientations_iPhone = "UIInterfaceOrientationPortrait UIInterfaceOrientationLandscapeLeft UIInterfaceOrientationLandscapeRight";
				LD_RUNPATH_SEARCH_PATHS = (
					"$(inherited)",
					"@executable_path/Frameworks",
				);
				MARKETING_VERSION = 1.0;
				PRODUCT_BUNDLE_IDENTIFIER = io.BoyWhoCode.ChatApp;
				PRODUCT_NAME = "$(TARGET_NAME)";
				SWIFT_EMIT_LOC_STRINGS = YES;
				SWIFT_VERSION = 5.0;
				TARGETED_DEVICE_FAMILY = "1,2";
			};
			name = Debug;
		};
		5E8124272BDC38960022B856 /* Release */ = {
			isa = XCBuildConfiguration;
			buildSettings = {
				ASSETCATALOG_COMPILER_APPICON_NAME = AppIcon;
				ASSETCATALOG_COMPILER_GLOBAL_ACCENT_COLOR_NAME = AccentColor;
				CODE_SIGN_STYLE = Automatic;
				CURRENT_PROJECT_VERSION = 1;
				DEVELOPMENT_ASSET_PATHS = "\"ChatApp/Preview Content\"";
				ENABLE_PREVIEWS = YES;
				GENERATE_INFOPLIST_FILE = YES;
				INFOPLIST_KEY_UIApplicationSceneManifest_Generation = YES;
				INFOPLIST_KEY_UIApplicationSupportsIndirectInputEvents = YES;
				INFOPLIST_KEY_UILaunchScreen_Generation = YES;
				INFOPLIST_KEY_UISupportedInterfaceOrientations_iPad = "UIInterfaceOrientationPortrait UIInterfaceOrientationPortraitUpsideDown UIInterfaceOrientationLandscapeLeft UIInterfaceOrientationLandscapeRight";
				INFOPLIST_KEY_UISupportedInterfaceOrientations_iPhone = "UIInterfaceOrientationPortrait UIInterfaceOrientationLandscapeLeft UIInterfaceOrientationLandscapeRight";
				LD_RUNPATH_SEARCH_PATHS = (
					"$(inherited)",
					"@executable_path/Frameworks",
				);
				MARKETING_VERSION = 1.0;
				PRODUCT_BUNDLE_IDENTIFIER = io.BoyWhoCode.ChatApp;
				PRODUCT_NAME = "$(TARGET_NAME)";
				SWIFT_EMIT_LOC_STRINGS = YES;
				SWIFT_VERSION = 5.0;
				TARGETED_DEVICE_FAMILY = "1,2";
			};
			name = Release;
		};
/* End XCBuildConfiguration section */

/* Begin XCConfigurationList section */
		5E8124122BDC38950022B856 /* Build configuration list for PBXProject "ChatApp" */ = {
			isa = XCConfigurationList;
			buildConfigurations = (
				5E8124232BDC38960022B856 /* Debug */,
				5E8124242BDC38960022B856 /* Release */,
			);
			defaultConfigurationIsVisible = 0;
			defaultConfigurationName = Release;
		};
		5E8124252BDC38960022B856 /* Build configuration list for PBXNativeTarget "ChatApp" */ = {
			isa = XCConfigurationList;
			buildConfigurations = (
				5E8124262BDC38960022B856 /* Debug */,
				5E8124272BDC38960022B856 /* Release */,
			);
			defaultConfigurationIsVisible = 0;
			defaultConfigurationName = Release;
		};
/* End XCConfigurationList section */

/* Begin XCRemoteSwiftPackageReference section */
		5E6795832BDCD91500D04F34 /* XCRemoteSwiftPackageReference "firebase-ios-sdk" */ = {
			isa = XCRemoteSwiftPackageReference;
			repositoryURL = "https://github.com/firebase/firebase-ios-sdk";
			requirement = {
				kind = upToNextMajorVersion;
				minimumVersion = 10.24.0;
			};
		};
/* End XCRemoteSwiftPackageReference section */

/* Begin XCSwiftPackageProductDependency section */
		5E6795862BDCF9AE00D04F34 /* FirebaseFirestore */ = {
			isa = XCSwiftPackageProductDependency;
			package = 5E6795832BDCD91500D04F34 /* XCRemoteSwiftPackageReference "firebase-ios-sdk" */;
			productName = FirebaseFirestore;
		};
		5E6795882BDCF9AE00D04F34 /* FirebaseFirestoreSwift */ = {
			isa = XCSwiftPackageProductDependency;
			package = 5E6795832BDCD91500D04F34 /* XCRemoteSwiftPackageReference "firebase-ios-sdk" */;
			productName = FirebaseFirestoreSwift;
		};
/* End XCSwiftPackageProductDependency section */
	};
	rootObject = 5E81240F2BDC38950022B856 /* Project object */;
}
